
Microsoft Visual Studio Solution File, Format Version 12.00
# Visual Studio Version 16
VisualStudioVersion = 16.0.31025.194
MinimumVisualStudioVersion = 10.0.40219.1
Project("{9A19103F-16F7-4668-BE54-9A1E7A4F7556}") = "GameOfRPG.BL", "GameOfRPG.BL\GameOfRPG.BL.csproj", "{24ED35DA-69D3-473B-9169-0C8F7E2E1A75}"
EndProject
Project("{9A19103F-16F7-4668-BE54-9A1E7A4F7556}") = "GameOfRPG.CMD", "GameOfRPG.CMD\GameOfRPG.CMD.csproj", "{D4EB7FEA-F192-477B-A6BA-1D1B441B8395}"
EndProject
Project("{FAE04EC0-301F-11D3-BF4B-00C04F79EFBC}") = "GameOfRPG.BLTests", "GameOfRPG.BLTests\GameOfRPG.BLTests.csproj", "{F9915354-7244-4D7D-98A1-9527EFB9C9FA}"
EndProject
Global
	GlobalSection(SolutionConfigurationPlatforms) = preSolution
		Debug|Any CPU = Debug|Any CPU
		Release|Any CPU = Release|Any CPU
	EndGlobalSection
	GlobalSection(ProjectConfigurationPlatforms) = postSolution
		{24ED35DA-69D3-473B-9169-0C8F7E2E1A75}.Debug|Any CPU.ActiveCfg = Debug|Any CPU
		{24ED35DA-69D3-473B-9169-0C8F7E2E1A75}.Debug|Any CPU.Build.0 = Debug|Any CPU
		{24ED35DA-69D3-473B-9169-0C8F7E2E1A75}.Release|Any CPU.ActiveCfg = Release|Any CPU
		{24ED35DA-69D3-473B-9169-0C8F7E2E1A75}.Release|Any CPU.Build.0 = Release|Any CPU
		{D4EB7FEA-F192-477B-A6BA-1D1B441B8395}.Debug|Any CPU.ActiveCfg = Debug|Any CPU
		{D4EB7FEA-F192-477B-A6BA-1D1B441B8395}.Debug|Any CPU.Build.0 = Debug|Any CPU
		{D4EB7FEA-F192-477B-A6BA-1D1B441B8395}.Release|Any CPU.ActiveCfg = Release|Any CPU
		{D4EB7FEA-F192-477B-A6BA-1D1B441B8395}.Release|Any CPU.Build.0 = Release|Any CPU
		{F9915354-7244-4D7D-98A1-9527EFB9C9FA}.Debug|Any CPU.ActiveCfg = Debug|Any CPU
		{F9915354-7244-4D7D-98A1-9527EFB9C9FA}.Debug|Any CPU.Build.0 = Debug|Any CPU
		{F9915354-7244-4D7D-98A1-9527EFB9C9FA}.Release|Any CPU.ActiveCfg = Release|Any CPU
		{F9915354-7244-4D7D-98A1-9527EFB9C9FA}.Release|Any CPU.Build.0 = Release|Any CPU
	EndGlobalSection
	GlobalSection(SolutionProperties) = preSolution
		HideSolutionNode = FALSE
	EndGlobalSection
	GlobalSection(ExtensibilityGlobals) = postSolution
		SolutionGuid = {10BDC9B9-EE2A-41F2-A25D-7524223D6671}
	EndGlobalSection
EndGlobal
